Microsoft Visual Studio Solution File, Format Version 12.00
# Visual Studio Version 17
VisualStudioVersion = 17.5.33209.295
MinimumVisualStudioVersion = 10.0.40219.1
Project("{2150E333-8FDC-42A3-9474-1A3956D46DE8}") = "Mod", "Mod", "{2EF62828-6237-4666-90F1-C08AB753E9F4}"
EndProject
Project("{2150E333-8FDC-42A3-9474-1A3956D46DE8}") = "Launcher", "Launcher", "{8F124A7D-F38D-42F4-8688-3E395E104E86}"
EndProject
Project("{2150E333-8FDC-42A3-9474-1A3956D46DE8}") = "Documentation", "Documentation", "{8BF9139B-7CD8-4D22-A944-68FFDB6E44A6}"
	ProjectSection(SolutionItems) = preProject
		docs\LICENCE.md = docs\LICENCE.md
		docs\README.md = docs\README.md
	EndProjectSection
EndProject
Project("{2150E333-8FDC-42A3-9474-1A3956D46DE8}") = "Gantry", "Gantry", "{707580FB-E9D6-47CB-828D-E7667FC612EF}"
EndProject
Project("{9A19103F-16F7-4668-BE54-9A1E7A4F7556}") = "MinimalMapping", "src\MinimalMapping\MinimalMapping.csproj", "{57D6ED37-CF40-4F13-987A-9464E247C4D4}"
EndProject
Project("{2150E333-8FDC-42A3-9474-1A3956D46DE8}") = "Build", "Build", "{2212C354-6754-4C64-AF91-6C1C4E7B6EDE}"
	ProjectSection(SolutionItems) = preProject
		src\Directory.Build.props = src\Directory.Build.props
		src\Directory.Build.targets = src\Directory.Build.targets
	EndProjectSection
EndProject
Project("{9A19103F-16F7-4668-BE54-9A1E7A4F7556}") = "Gantry", "..\..\..\Gantry\src\Gantry\Gantry.csproj", "{C031B24C-F2B2-425B-86A2-3938ED9D92EE}"
EndProject
Project("{9A19103F-16F7-4668-BE54-9A1E7A4F7556}") = "ClientLauncher", "..\..\..\CoreClrLauncher\src\ClientLauncher\ClientLauncher.csproj", "{EE0C83B3-C81C-41A8-B05E-25C3EF544BF1}"
	ProjectSection(ProjectDependencies) = postProject
		{57D6ED37-CF40-4F13-987A-9464E247C4D4} = {57D6ED37-CF40-4F13-987A-9464E247C4D4}
		{B5B15742-8D36-4010-8D1D-A42098389BCA} = {B5B15742-8D36-4010-8D1D-A42098389BCA}
		{C031B24C-F2B2-425B-86A2-3938ED9D92EE} = {C031B24C-F2B2-425B-86A2-3938ED9D92EE}
		{F1257E86-6A49-4ADF-9832-A3702332E41A} = {F1257E86-6A49-4ADF-9832-A3702332E41A}
	EndProjectSection
EndProject
Project("{9A19103F-16F7-4668-BE54-9A1E7A4F7556}") = "ClientLauncherCA", "..\..\..\CoreClrLauncher\src\ClientLauncherCA\ClientLauncherCA.csproj", "{F1257E86-6A49-4ADF-9832-A3702332E41A}"
	ProjectSection(ProjectDependencies) = postProject
		{57D6ED37-CF40-4F13-987A-9464E247C4D4} = {57D6ED37-CF40-4F13-987A-9464E247C4D4}
		{B5B15742-8D36-4010-8D1D-A42098389BCA} = {B5B15742-8D36-4010-8D1D-A42098389BCA}
		{C031B24C-F2B2-425B-86A2-3938ED9D92EE} = {C031B24C-F2B2-425B-86A2-3938ED9D92EE}
	EndProjectSection
EndProject
Project("{9A19103F-16F7-4668-BE54-9A1E7A4F7556}") = "ServerLauncher", "..\..\..\CoreClrLauncher\src\ServerLauncher\ServerLauncher.csproj", "{B5B15742-8D36-4010-8D1D-A42098389BCA}"
	ProjectSection(ProjectDependencies) = postProject
		{57D6ED37-CF40-4F13-987A-9464E247C4D4} = {57D6ED37-CF40-4F13-987A-9464E247C4D4}
		{C031B24C-F2B2-425B-86A2-3938ED9D92EE} = {C031B24C-F2B2-425B-86A2-3938ED9D92EE}
	EndProjectSection
EndProject
Global
	GlobalSection(SolutionConfigurationPlatforms) = preSolution
		Debug|Any CPU = Debug|Any CPU
		Launch Server|Any CPU = Launch Server|Any CPU
		Package|Any CPU = Package|Any CPU
		Release|Any CPU = Release|Any CPU
	EndGlobalSection
	GlobalSection(ProjectConfigurationPlatforms) = postSolution
		{57D6ED37-CF40-4F13-987A-9464E247C4D4}.Debug|Any CPU.ActiveCfg = Debug|Any CPU
		{57D6ED37-CF40-4F13-987A-9464E247C4D4}.Debug|Any CPU.Build.0 = Debug|Any CPU
		{57D6ED37-CF40-4F13-987A-9464E247C4D4}.Launch Server|Any CPU.ActiveCfg = Debug|Any CPU
		{57D6ED37-CF40-4F13-987A-9464E247C4D4}.Launch Server|Any CPU.Build.0 = Debug|Any CPU
		{57D6ED37-CF40-4F13-987A-9464E247C4D4}.Package|Any CPU.ActiveCfg = Package|Any CPU
		{57D6ED37-CF40-4F13-987A-9464E247C4D4}.Package|Any CPU.Build.0 = Package|Any CPU
		{57D6ED37-CF40-4F13-987A-9464E247C4D4}.Release|Any CPU.ActiveCfg = Release|Any CPU
		{57D6ED37-CF40-4F13-987A-9464E247C4D4}.Release|Any CPU.Build.0 = Release|Any CPU
		{C031B24C-F2B2-425B-86A2-3938ED9D92EE}.Debug|Any CPU.ActiveCfg = Debug|Any CPU
		{C031B24C-F2B2-425B-86A2-3938ED9D92EE}.Debug|Any CPU.Build.0 = Debug|Any CPU
		{C031B24C-F2B2-425B-86A2-3938ED9D92EE}.Launch Server|Any CPU.ActiveCfg = Debug|Any CPU
		{C031B24C-F2B2-425B-86A2-3938ED9D92EE}.Launch Server|Any CPU.Build.0 = Debug|Any CPU
		{C031B24C-F2B2-425B-86A2-3938ED9D92EE}.Package|Any CPU.ActiveCfg = Package|Any CPU
		{C031B24C-F2B2-425B-86A2-3938ED9D92EE}.Package|Any CPU.Build.0 = Package|Any CPU
		{C031B24C-F2B2-425B-86A2-3938ED9D92EE}.Release|Any CPU.ActiveCfg = Release|Any CPU
		{C031B24C-F2B2-425B-86A2-3938ED9D92EE}.Release|Any CPU.Build.0 = Release|Any CPU
		{EE0C83B3-C81C-41A8-B05E-25C3EF544BF1}.Debug|Any CPU.ActiveCfg = Debug|Any CPU
		{EE0C83B3-C81C-41A8-B05E-25C3EF544BF1}.Debug|Any CPU.Build.0 = Debug|Any CPU
		{EE0C83B3-C81C-41A8-B05E-25C3EF544BF1}.Launch Server|Any CPU.ActiveCfg = Debug|Any CPU
		{EE0C83B3-C81C-41A8-B05E-25C3EF544BF1}.Launch Server|Any CPU.Build.0 = Debug|Any CPU
		{EE0C83B3-C81C-41A8-B05E-25C3EF544BF1}.Package|Any CPU.ActiveCfg = Package|Any CPU
		{EE0C83B3-C81C-41A8-B05E-25C3EF544BF1}.Package|Any CPU.Build.0 = Package|Any CPU
		{EE0C83B3-C81C-41A8-B05E-25C3EF544BF1}.Release|Any CPU.ActiveCfg = Release|Any CPU
		{EE0C83B3-C81C-41A8-B05E-25C3EF544BF1}.Release|Any CPU.Build.0 = Release|Any CPU
		{F1257E86-6A49-4ADF-9832-A3702332E41A}.Debug|Any CPU.ActiveCfg = Debug|Any CPU
		{F1257E86-6A49-4ADF-9832-A3702332E41A}.Debug|Any CPU.Build.0 = Debug|Any CPU
		{F1257E86-6A49-4ADF-9832-A3702332E41A}.Launch Server|Any CPU.ActiveCfg = Debug|Any CPU
		{F1257E86-6A49-4ADF-9832-A3702332E41A}.Launch Server|Any CPU.Build.0 = Debug|Any CPU
		{F1257E86-6A49-4ADF-9832-A3702332E41A}.Package|Any CPU.ActiveCfg = Package|Any CPU
		{F1257E86-6A49-4ADF-9832-A3702332E41A}.Package|Any CPU.Build.0 = Package|Any CPU
		{F1257E86-6A49-4ADF-9832-A3702332E41A}.Release|Any CPU.ActiveCfg = Release|Any CPU
		{F1257E86-6A49-4ADF-9832-A3702332E41A}.Release|Any CPU.Build.0 = Release|Any CPU
		{B5B15742-8D36-4010-8D1D-A42098389BCA}.Debug|Any CPU.ActiveCfg = Debug|Any CPU
		{B5B15742-8D36-4010-8D1D-A42098389BCA}.Debug|Any CPU.Build.0 = Debug|Any CPU
		{B5B15742-8D36-4010-8D1D-A42098389BCA}.Launch Server|Any CPU.ActiveCfg = Debug|Any CPU
		{B5B15742-8D36-4010-8D1D-A42098389BCA}.Launch Server|Any CPU.Build.0 = Debug|Any CPU
		{B5B15742-8D36-4010-8D1D-A42098389BCA}.Package|Any CPU.ActiveCfg = Package|Any CPU
		{B5B15742-8D36-4010-8D1D-A42098389BCA}.Package|Any CPU.Build.0 = Package|Any CPU
		{B5B15742-8D36-4010-8D1D-A42098389BCA}.Release|Any CPU.ActiveCfg = Release|Any CPU
		{B5B15742-8D36-4010-8D1D-A42098389BCA}.Release|Any CPU.Build.0 = Release|Any CPU
	EndGlobalSection
	GlobalSection(SolutionProperties) = preSolution
		HideSolutionNode = FALSE
	EndGlobalSection
	GlobalSection(NestedProjects) = preSolution
		{57D6ED37-CF40-4F13-987A-9464E247C4D4} = {2EF62828-6237-4666-90F1-C08AB753E9F4}
		{2212C354-6754-4C64-AF91-6C1C4E7B6EDE} = {2EF62828-6237-4666-90F1-C08AB753E9F4}
		{C031B24C-F2B2-425B-86A2-3938ED9D92EE} = {707580FB-E9D6-47CB-828D-E7667FC612EF}
		{EE0C83B3-C81C-41A8-B05E-25C3EF544BF1} = {8F124A7D-F38D-42F4-8688-3E395E104E86}
		{F1257E86-6A49-4ADF-9832-A3702332E41A} = {8F124A7D-F38D-42F4-8688-3E395E104E86}
		{B5B15742-8D36-4010-8D1D-A42098389BCA} = {8F124A7D-F38D-42F4-8688-3E395E104E86}
	EndGlobalSection
	GlobalSection(ExtensibilityGlobals) = postSolution
		SolutionGuid = {4C5B0502-7DC7-4B5C-833B-FDC5488C1009}
	EndGlobalSection
EndGlobal
